// !$*UTF8*$!
{
	archiveVersion = 1;
	classes = {
	};
	objectVersion = 50;
	objects = {

/* Begin PBXBuildFile section */
		938EC24824D110AE007BF4EB /* AppDelegate.swift in Sources */ = {isa = PBXBuildFile; fileRef = 938EC24724D110AE007BF4EB /* AppDelegate.swift */; };
		938EC24A24D110AE007BF4EB /* SceneDelegate.swift in Sources */ = {isa = PBXBuildFile; fileRef = 938EC24924D110AE007BF4EB /* SceneDelegate.swift */; };
		938EC24C24D110AE007BF4EB /* ViewController.swift in Sources */ = {isa = PBXBuildFile; fileRef = 938EC24B24D110AE007BF4EB /* ViewController.swift */; };
		938EC24F24D110AE007BF4EB /* Main.storyboard in Resources */ = {isa = PBXBuildFile; fileRef = 938EC24D24D110AE007BF4EB /* Main.storyboard */; };
		938EC25124D110B1007BF4EB /* Assets.xcassets in Resources */ = {isa = PBXBuildFile; fileRef = 938EC25024D110B1007BF4EB /* Assets.xcassets */; };
		938EC25424D110B1007BF4EB /* LaunchScreen.storyboard in Resources */ = {isa = PBXBuildFile; fileRef = 938EC25224D110B1007BF4EB /* LaunchScreen.storyboard */; };
		938EC25F24D110B1007BF4EB /* tipTests.swift in Sources */ = {isa = PBXBuildFile; fileRef = 938EC25E24D110B1007BF4EB /* tipTests.swift */; };
		938EC26A24D110B1007BF4EB /* tipUITests.swift in Sources */ = {isa = PBXBuildFile; fileRef = 938EC26924D110B1007BF4EB /* tipUITests.swift */; };
/* End PBXBuildFile section */

/* Begin PBXContainerItemProxy section */
		938EC25B24D110B1007BF4EB /* PBXContainerItemProxy */ = {
			isa = PBXContainerItemProxy;
			containerPortal = 938EC23C24D110AE007BF4EB /* Project object */;
			proxyType = 1;
			remoteGlobalIDString = 938EC24324D110AE007BF4EB;
			remoteInfo = tip;
		};
		938EC26624D110B1007BF4EB /* PBXContainerItemProxy */ = {
			isa = PBXContainerItemProxy;
			containerPortal = 938EC23C24D110AE007BF4EB /* Project object */;
			proxyType = 1;
			remoteGlobalIDString = 938EC24324D110AE007BF4EB;
			remoteInfo = tip;
		};
/* End PBXContainerItemProxy section */

/* Begin PBXFileReference section */
		938EC24424D110AE007BF4EB /* tip.app */ = {isa = PBXFileReference; explicitFileType = wrapper.application; includeInIndex = 0; path = tip.app; sourceTree = BUILT_PRODUCTS_DIR; };
		938EC24724D110AE007BF4EB /* AppDelegate.swift */ = {isa = PBXFileReference; lastKnownFileType = sourcecode.swift; path = AppDelegate.swift; sourceTree = "<group>"; };
		938EC24924D110AE007BF4EB /* SceneDelegate.swift */ = {isa = PBXFileReference; lastKnownFileType = sourcecode.swift; path = SceneDelegate.swift; sourceTree = "<group>"; };
		938EC24B24D110AE007BF4EB /* ViewController.swift */ = {isa = PBXFileReference; lastKnownFileType = sourcecode.swift; path = ViewController.swift; sourceTree = "<group>"; };
		938EC24E24D110AE007BF4EB /* Base */ = {isa = PBXFileReference; lastKnownFileType = file.storyboard; name = Base; path = Base.lproj/Main.storyboard; sourceTree = "<group>"; };
		938EC25024D110B1007BF4EB /* Assets.xcassets */ = {isa = PBXFileReference; lastKnownFileType = folder.assetcatalog; path = Assets.xcassets; sourceTree = "<group>"; };
		938EC25324D110B1007BF4EB /* Base */ = {isa = PBXFileReference; lastKnownFileType = file.storyboard; name = Base; path = Base.lproj/LaunchScreen.storyboard; sourceTree = "<group>"; };
		938EC25524D110B1007BF4EB /* Info.plist */ = {isa = PBXFileReference; lastKnownFileType = text.plist.xml; path = Info.plist; sourceTree = "<group>"; };
		938EC25A24D110B1007BF4EB /* tipTests.xctest */ = {isa = PBXFileReference; explicitFileType = wrapper.cfbundle; includeInIndex = 0; path = tipTests.xctest; sourceTree = BUILT_PRODUCTS_DIR; };
		938EC25E24D110B1007BF4EB /* tipTests.swift */ = {isa = PBXFileReference; lastKnownFileType = sourcecode.swift; path = tipTests.swift; sourceTree = "<group>"; };
		938EC26024D110B1007BF4EB /* Info.plist */ = {isa = PBXFileReference; lastKnownFileType = text.plist.xml; path = Info.plist; sourceTree = "<group>"; };
		938EC26524D110B1007BF4EB /* tipUITests.xctest */ = {isa = PBXFileReference; explicitFileType = wrapper.cfbundle; includeInIndex = 0; path = tipUITests.xctest; sourceTree = BUILT_PRODUCTS_DIR; };
		938EC26924D110B1007BF4EB /* tipUITests.swift */ = {isa = PBXFileReference; lastKnownFileType = sourcecode.swift; path = tipUITests.swift; sourceTree = "<group>"; };
		938EC26B24D110B1007BF4EB /* Info.plist */ = {isa = PBXFileReference; lastKnownFileType = text.plist.xml; path = Info.plist; sourceTree = "<group>"; };
/* End PBXFileReference section */

/* Begin PBXFrameworksBuildPhase section */
		938EC24124D110AE007BF4EB /* Frameworks */ = {
			isa = PBXFrameworksBuildPhase;
			buildActionMask = 2147483647;
			files = (
			);
			runOnlyForDeploymentPostprocessing = 0;
		};
		938EC25724D110B1007BF4EB /* Frameworks */ = {
			isa = PBXFrameworksBuildPhase;
			buildActionMask = 2147483647;
			files = (
			);
			runOnlyForDeploymentPostprocessing = 0;
		};
		938EC26224D110B1007BF4EB /* Frameworks */ = {
			isa = PBXFrameworksBuildPhase;
			buildActionMask = 2147483647;
			files = (
			);
			runOnlyForDeploymentPostprocessing = 0;
		};
/* End PBXFrameworksBuildPhase section */

/* Begin PBXGroup section */
		938EC23B24D110AE007BF4EB = {
			isa = PBXGroup;
			children = (
				938EC24624D110AE007BF4EB /* tip */,
				938EC25D24D110B1007BF4EB /* tipTests */,
				938EC26824D110B1007BF4EB /* tipUITests */,
				938EC24524D110AE007BF4EB /* Products */,
			);
			sourceTree = "<group>";
		};
		938EC24524D110AE007BF4EB /* Products */ = {
			isa = PBXGroup;
			children = (
				938EC24424D110AE007BF4EB /* tip.app */,
				938EC25A24D110B1007BF4EB /* tipTests.xctest */,
				938EC26524D110B1007BF4EB /* tipUITests.xctest */,
			);
			name = Products;
			sourceTree = "<group>";
		};
		938EC24624D110AE007BF4EB /* tip */ = {
			isa = PBXGroup;
			children = (
				938EC24724D110AE007BF4EB /* AppDelegate.swift */,
				938EC24924D110AE007BF4EB /* SceneDelegate.swift */,
				938EC24B24D110AE007BF4EB /* ViewController.swift */,
				938EC24D24D110AE007BF4EB /* Main.storyboard */,
				938EC25024D110B1007BF4EB /* Assets.xcassets */,
				938EC25224D110B1007BF4EB /* LaunchScreen.storyboard */,
				938EC25524D110B1007BF4EB /* Info.plist */,
			);
			path = tip;
			sourceTree = "<group>";
		};
		938EC25D24D110B1007BF4EB /* tipTests */ = {
			isa = PBXGroup;
			children = (
				938EC25E24D110B1007BF4EB /* tipTests.swift */,
				938EC26024D110B1007BF4EB /* Info.plist */,
			);
			path = tipTests;
			sourceTree = "<group>";
		};
		938EC26824D110B1007BF4EB /* tipUITests */ = {
			isa = PBXGroup;
			children = (
				938EC26924D110B1007BF4EB /* tipUITests.swift */,
				938EC26B24D110B1007BF4EB /* Info.plist */,
			);
			path = tipUITests;
			sourceTree = "<group>";
		};
/* End PBXGroup section */

/* Begin PBXNativeTarget section */
		938EC24324D110AE007BF4EB /* tip */ = {
			isa = PBXNativeTarget;
			buildConfigurationList = 938EC26E24D110B1007BF4EB /* Build configuration list for PBXNativeTarget "tip" */;
			buildPhases = (
				938EC24024D110AE007BF4EB /* Sources */,
				938EC24124D110AE007BF4EB /* Frameworks */,
				938EC24224D110AE007BF4EB /* Resources */,
			);
			buildRules = (
			);
			dependencies = (
			);
			name = tip;
			productName = tip;
			productReference = 938EC24424D110AE007BF4EB /* tip.app */;
			productType = "com.apple.product-type.application";
		};
		938EC25924D110B1007BF4EB /* tipTests */ = {
			isa = PBXNativeTarget;
			buildConfigurationList = 938EC27124D110B1007BF4EB /* Build configuration list for PBXNativeTarget "tipTests" */;
			buildPhases = (
				938EC25624D110B1007BF4EB /* Sources */,
				938EC25724D110B1007BF4EB /* Frameworks */,
				938EC25824D110B1007BF4EB /* Resources */,
			);
			buildRules = (
			);
			dependencies = (
				938EC25C24D110B1007BF4EB /* PBXTargetDependency */,
			);
			name = tipTests;
			productName = tipTests;
			productReference = 938EC25A24D110B1007BF4EB /* tipTests.xctest */;
			productType = "com.apple.product-type.bundle.unit-test";
		};
		938EC26424D110B1007BF4EB /* tipUITests */ = {
			isa = PBXNativeTarget;
			buildConfigurationList = 938EC27424D110B1007BF4EB /* Build configuration list for PBXNativeTarget "tipUITests" */;
			buildPhases = (
				938EC26124D110B1007BF4EB /* Sources */,
				938EC26224D110B1007BF4EB /* Frameworks */,
				938EC26324D110B1007BF4EB /* Resources */,
			);
			buildRules = (
			);
			dependencies = (
				938EC26724D110B1007BF4EB /* PBXTargetDependency */,
			);
			name = tipUITests;
			productName = tipUITests;
			productReference = 938EC26524D110B1007BF4EB /* tipUITests.xctest */;
			productType = "com.apple.product-type.bundle.ui-testing";
		};
/* End PBXNativeTarget section */

/* Begin PBXProject section */
		938EC23C24D110AE007BF4EB /* Project object */ = {
			isa = PBXProject;
			attributes = {
				LastSwiftUpdateCheck = 1160;
				LastUpgradeCheck = 1160;
				ORGANIZATIONNAME = Codepath;
				TargetAttributes = {
					938EC24324D110AE007BF4EB = {
						CreatedOnToolsVersion = 11.6;
					};
					938EC25924D110B1007BF4EB = {
						CreatedOnToolsVersion = 11.6;
						TestTargetID = 938EC24324D110AE007BF4EB;
					};
					938EC26424D110B1007BF4EB = {
						CreatedOnToolsVersion = 11.6;
						TestTargetID = 938EC24324D110AE007BF4EB;
					};
				};
			};
			buildConfigurationList = 938EC23F24D110AE007BF4EB /* Build configuration list for PBXProject "tip" */;
			compatibilityVersion = "Xcode 9.3";
			developmentRegion = en;
			hasScannedForEncodings = 0;
			knownRegions = (
				en,
				Base,
			);
			mainGroup = 938EC23B24D110AE007BF4EB;
			productRefGroup = 938EC24524D110AE007BF4EB /* Products */;
			projectDirPath = "";
			projectRoot = "";
			targets = (
				938EC24324D110AE007BF4EB /* tip */,
				938EC25924D110B1007BF4EB /* tipTests */,
				938EC26424D110B1007BF4EB /* tipUITests */,
			);
		};
/* End PBXProject section */

/* Begin PBXResourcesBuildPhase section */
		938EC24224D110AE007BF4EB /* Resources */ = {
			isa = PBXResourcesBuildPhase;
			buildActionMask = 2147483647;
			files = (
				938EC25424D110B1007BF4EB /* LaunchScreen.storyboard in Resources */,
				938EC25124D110B1007BF4EB /* Assets.xcassets in Resources */,
				938EC24F24D110AE007BF4EB /* Main.storyboard in Resources */,
			);
			runOnlyForDeploymentPostprocessing = 0;
		};
		938EC25824D110B1007BF4EB /* Resources */ = {
			isa = PBXResourcesBuildPhase;
			buildActionMask = 2147483647;
			files = (
			);
			runOnlyForDeploymentPostprocessing = 0;
		};
		938EC26324D110B1007BF4EB /* Resources */ = {
			isa = PBXResourcesBuildPhase;
			buildActionMask = 2147483647;
			files = (
			);
			runOnlyForDeploymentPostprocessing = 0;
		};
/* End PBXResourcesBuildPhase section */

/* Begin PBXSourcesBuildPhase section */
		938EC24024D110AE007BF4EB /* Sources */ = {
			isa = PBXSourcesBuildPhase;
			buildActionMask = 2147483647;
			files = (
				938EC24C24D110AE007BF4EB /* ViewController.swift in Sources */,
				938EC24824D110AE007BF4EB /* AppDelegate.swift in Sources */,
				938EC24A24D110AE007BF4EB /* SceneDelegate.swift in Sources */,
			);
			runOnlyForDeploymentPostprocessing = 0;
		};
		938EC25624D110B1007BF4EB /* Sources */ = {
			isa = PBXSourcesBuildPhase;
			buildActionMask = 2147483647;
			files = (
				938EC25F24D110B1007BF4EB /* tipTests.swift in Sources */,
			);
			runOnlyForDeploymentPostprocessing = 0;
		};
		938EC26124D110B1007BF4EB /* Sources */ = {
			isa = PBXSourcesBuildPhase;
			buildActionMask = 2147483647;
			files = (
				938EC26A24D110B1007BF4EB /* tipUITests.swift in Sources */,
			);
			runOnlyForDeploymentPostprocessing = 0;
		};
/* End PBXSourcesBuildPhase section */

/* Begin PBXTargetDependency section */
		938EC25C24D110B1007BF4EB /* PBXTargetDependency */ = {
			isa = PBXTargetDependency;
			target = 938EC24324D110AE007BF4EB /* tip */;
			targetProxy = 938EC25B24D110B1007BF4EB /* PBXContainerItemProxy */;
		};
		938EC26724D110B1007BF4EB /* PBXTargetDependency */ = {
			isa = PBXTargetDependency;
			target = 938EC24324D110AE007BF4EB /* tip */;
			targetProxy = 938EC26624D110B1007BF4EB /* PBXContainerItemProxy */;
		};
/* End PBXTargetDependency section */

/* Begin PBXVariantGroup section */
		938EC24D24D110AE007BF4EB /* Main.storyboard */ = {
			isa = PBXVariantGroup;
			children = (
				938EC24E24D110AE007BF4EB /* Base */,
			);
			name = Main.storyboard;
			sourceTree = "<group>";
		};
		938EC25224D110B1007BF4EB /* LaunchScreen.storyboard */ = {
			isa = PBXVariantGroup;
			children = (
				938EC25324D110B1007BF4EB /* Base */,
			);
			name = LaunchScreen.storyboard;
			sourceTree = "<group>";
		};
/* End PBXVariantGroup section */

/* Begin XCBuildConfiguration section */
		938EC26C24D110B1007BF4EB /* Debug */ = {
			isa = XCBuildConfiguration;
			buildSettings = {
				ALWAYS_SEARCH_USER_PATHS = NO;
				CLANG_ANALYZER_NONNULL = YES;
				CLANG_ANALYZER_NUMBER_OBJECT_CONVERSION = YES_AGGRESSIVE;
				CLANG_CXX_LANGUAGE_STANDARD = "gnu++14";
				CLANG_CXX_LIBRARY = "libc++";
				CLANG_ENABLE_MODULES = YES;
				CLANG_ENABLE_OBJC_ARC = YES;
				CLANG_ENABLE_OBJC_WEAK = YES;
				CLANG_WARN_BLOCK_CAPTURE_AUTORELEASING = YES;
				CLANG_WARN_BOOL_CONVERSION = YES;
				CLANG_WARN_COMMA = YES;
				CLANG_WARN_CONSTANT_CONVERSION = YES;
				CLANG_WARN_DEPRECATED_OBJC_IMPLEMENTATIONS = YES;
				CLANG_WARN_DIRECT_OBJC_ISA_USAGE = YES_ERROR;
				CLANG_WARN_DOCUMENTATION_COMMENTS = YES;
				CLANG_WARN_EMPTY_BODY = YES;
				CLANG_WARN_ENUM_CONVERSION = YES;
				CLANG_WARN_INFINITE_RECURSION = YES;
				CLANG_WARN_INT_CONVERSION = YES;
				CLANG_WARN_NON_LITERAL_NULL_CONVERSION = YES;
				CLANG_WARN_OBJC_IMPLICIT_RETAIN_SELF = YES;
				CLANG_WARN_OBJC_LITERAL_CONVERSION = YES;
				CLANG_WARN_OBJC_ROOT_CLASS = YES_ERROR;
				CLANG_WARN_RANGE_LOOP_ANALYSIS = YES;
				CLANG_WARN_STRICT_PROTOTYPES = YES;
				CLANG_WARN_SUSPICIOUS_MOVE = YES;
				CLANG_WARN_UNGUARDED_AVAILABILITY = YES_AGGRESSIVE;
				CLANG_WARN_UNREACHABLE_CODE = YES;
				CLANG_WARN__DUPLICATE_METHOD_MATCH = YES;
				COPY_PHASE_STRIP = NO;
				DEBUG_INFORMATION_FORMAT = dwarf;
				ENABLE_STRICT_OBJC_MSGSEND = YES;
				ENABLE_TESTABILITY = YES;
				GCC_C_LANGUAGE_STANDARD = gnu11;
				GCC_DYNAMIC_NO_PIC = NO;
				GCC_NO_COMMON_BLOCKS = YES;
				GCC_OPTIMIZATION_LEVEL = 0;
				GCC_PREPROCESSOR_DEFINITIONS = (
					"DEBUG=1",
					"$(inherited)",
				);
				GCC_WARN_64_TO_32_BIT_CONVERSION = YES;
				GCC_WARN_ABOUT_RETURN_TYPE = YES_ERROR;
				GCC_WARN_UNDECLARED_SELECTOR = YES;
				GCC_WARN_UNINITIALIZED_AUTOS = YES_AGGRESSIVE;
				GCC_WARN_UNUSED_FUNCTION = YES;
				GCC_WARN_UNUSED_VARIABLE = YES;
				IPHONEOS_DEPLOYMENT_TARGET = 13.6;
				MTL_ENABLE_DEBUG_INFO = INCLUDE_SOURCE;
				MTL_FAST_MATH = YES;
				ONLY_ACTIVE_ARCH = YES;
				SDKROOT = iphoneos;
				SWIFT_ACTIVE_COMPILATION_CONDITIONS = DEBUG;
				SWIFT_OPTIMIZATION_LEVEL = "-Onone";
			};
			name = Debug;
		};
		938EC26D24D110B1007BF4EB /* Release */ = {
			isa = XCBuildConfiguration;
			buildSettings = {
				ALWAYS_SEARCH_USER_PATHS = NO;
				CLANG_ANALYZER_NONNULL = YES;
				CLANG_ANALYZER_NUMBER_OBJECT_CONVERSION = YES_AGGRESSIVE;
				CLANG_CXX_LANGUAGE_STANDARD = "gnu++14";
				CLANG_CXX_LIBRARY = "libc++";
				CLANG_ENABLE_MODULES = YES;
				CLANG_ENABLE_OBJC_ARC = YES;
				CLANG_ENABLE_OBJC_WEAK = YES;
				CLANG_WARN_BLOCK_CAPTURE_AUTORELEASING = YES;
				CLANG_WARN_BOOL_CONVERSION = YES;
				CLANG_WARN_COMMA = YES;
				CLANG_WARN_CONSTANT_CONVERSION = YES;
				CLANG_WARN_DEPRECATED_OBJC_IMPLEMENTATIONS = YES;
				CLANG_WARN_DIRECT_OBJC_ISA_USAGE = YES_ERROR;
				CLANG_WARN_DOCUMENTATION_COMMENTS = YES;
				CLANG_WARN_EMPTY_BODY = YES;
				CLANG_WARN_ENUM_CONVERSION = YES;
				CLANG_WARN_INFINITE_RECURSION = YES;
				CLANG_WARN_INT_CONVERSION = YES;
				CLANG_WARN_NON_LITERAL_NULL_CONVERSION = YES;
				CLANG_WARN_OBJC_IMPLICIT_RETAIN_SELF = YES;
				CLANG_WARN_OBJC_LITERAL_CONVERSION = YES;
				CLANG_WARN_OBJC_ROOT_CLASS = YES_ERROR;
				CLANG_WARN_RANGE_LOOP_ANALYSIS = YES;
				CLANG_WARN_STRICT_PROTOTYPES = YES;
				CLANG_WARN_SUSPICIOUS_MOVE = YES;
				CLANG_WARN_UNGUARDED_AVAILABILITY = YES_AGGRESSIVE;
				CLANG_WARN_UNREACHABLE_CODE = YES;
				CLANG_WARN__DUPLICATE_METHOD_MATCH = YES;
				COPY_PHASE_STRIP = NO;
				DEBUG_INFORMATION_FORMAT = "dwarf-with-dsym";
				ENABLE_NS_ASSERTIONS = NO;
				ENABLE_STRICT_OBJC_MSGSEND = YES;
				GCC_C_LANGUAGE_STANDARD = gnu11;
				GCC_NO_COMMON_BLOCKS = YES;
				GCC_WARN_64_TO_32_BIT_CONVERSION = YES;
				GCC_WARN_ABOUT_RETURN_TYPE = YES_ERROR;
				GCC_WARN_UNDECLARED_SELECTOR = YES;
				GCC_WARN_UNINITIALIZED_AUTOS = YES_AGGRESSIVE;
				GCC_WARN_UNUSED_FUNCTION = YES;
				GCC_WARN_UNUSED_VARIABLE = YES;
				IPHONEOS_DEPLOYMENT_TARGET = 13.6;
				MTL_ENABLE_DEBUG_INFO = NO;
				MTL_FAST_MATH = YES;
				SDKROOT = iphoneos;
				SWIFT_COMPILATION_MODE = wholemodule;
				SWIFT_OPTIMIZATION_LEVEL = "-O";
				VALIDATE_PRODUCT = YES;
			};
			name = Release;
		};
		938EC26F24D110B1007BF4EB /* Debug */ = {
			isa = XCBuildConfiguration;
			buildSettings = {
				ASSETCATALOG_COMPILER_APPICON_NAME = AppIcon;
				CODE_SIGN_STYLE = Automatic;
				INFOPLIST_FILE = tip/Info.plist;
				LD_RUNPATH_SEARCH_PATHS = (
					"$(inherited)",
					"@executable_path/Frameworks",
				);
				PRODUCT_BUNDLE_IDENTIFIER = Codepath.tip;
				PRODUCT_NAME = "$(TARGET_NAME)";
				SWIFT_VERSION = 5.0;
				TARGETED_DEVICE_FAMILY = "1,2";
			};
			name = Debug;
		};
		938EC27024D110B1007BF4EB /* Release */ = {
			isa = XCBuildConfiguration;
			buildSettings = {
				ASSETCATALOG_COMPILER_APPICON_NAME = AppIcon;
				CODE_SIGN_STYLE = Automatic;
				INFOPLIST_FILE = tip/Info.plist;
				LD_RUNPATH_SEARCH_PATHS = (
					"$(inherited)",
					"@executable_path/Frameworks",
				);
				PRODUCT_BUNDLE_IDENTIFIER = Codepath.tip;
				PRODUCT_NAME = "$(TARGET_NAME)";
				SWIFT_VERSION = 5.0;
				TARGETED_DEVICE_FAMILY = "1,2";
			};
			name = Release;
		};
		938EC27224D110B1007BF4EB /* Debug */ = {
			isa = XCBuildConfiguration;
			buildSettings = {
				ALWAYS_EMBED_SWIFT_STANDARD_LIBRARIES = YES;
				BUNDLE_LOADER = "$(TEST_HOST)";
				CODE_SIGN_STYLE = Automatic;
				INFOPLIST_FILE = tipTests/Info.plist;
				IPHONEOS_DEPLOYMENT_TARGET = 13.6;
				LD_RUNPATH_SEARCH_PATHS = (
					"$(inherited)",
					"@executable_path/Frameworks",
					"@loader_path/Frameworks",
				);
				PRODUCT_BUNDLE_IDENTIFIER = Codepath.tipTests;
				PRODUCT_NAME = "$(TARGET_NAME)";
				SWIFT_VERSION = 5.0;
				TARGETED_DEVICE_FAMILY = "1,2";
				TEST_HOST = "$(BUILT_PRODUCTS_DIR)/tip.app/tip";
			};
			name = Debug;
		};
		938EC27324D110B1007BF4EB /* Release */ = {
			isa = XCBuildConfiguration;
			buildSettings = {
				ALWAYS_EMBED_SWIFT_STANDARD_LIBRARIES = YES;
				BUNDLE_LOADER = "$(TEST_HOST)";
				CODE_SIGN_STYLE = Automatic;
				INFOPLIST_FILE = tipTests/Info.plist;
				IPHONEOS_DEPLOYMENT_TARGET = 13.6;
				LD_RUNPATH_SEARCH_PATHS = (
					"$(inherited)",
					"@executable_path/Frameworks",
					"@loader_path/Frameworks",
				);
				PRODUCT_BUNDLE_IDENTIFIER = Codepath.tipTests;
				PRODUCT_NAME = "$(TARGET_NAME)";
				SWIFT_VERSION = 5.0;
				TARGETED_DEVICE_FAMILY = "1,2";
				TEST_HOST = "$(BUILT_PRODUCTS_DIR)/tip.app/tip";
			};
			name = Release;
		};
		938EC27524D110B1007BF4EB /* Debug */ = {
			isa = XCBuildConfiguration;
			buildSettings = {
				ALWAYS_EMBED_SWIFT_STANDARD_LIBRARIES = YES;
				CODE_SIGN_STYLE = Automatic;
				INFOPLIST_FILE = tipUITests/Info.plist;
				LD_RUNPATH_SEARCH_PATHS = (
					"$(inherited)",
					"@executable_path/Frameworks",
					"@loader_path/Frameworks",
				);
				PRODUCT_BUNDLE_IDENTIFIER = Codepath.tipUITests;
				PRODUCT_NAME = "$(TARGET_NAME)";
				SWIFT_VERSION = 5.0;
				TARGETED_DEVICE_FAMILY = "1,2";
				TEST_TARGET_NAME = tip;
			};
			name = Debug;
		};
		938EC27624D110B1007BF4EB /* Release */ = {
			isa = XCBuildConfiguration;
			buildSettings = {
				ALWAYS_EMBED_SWIFT_STANDARD_LIBRARIES = YES;
				CODE_SIGN_STYLE = Automatic;
				INFOPLIST_FILE = tipUITests/Info.plist;
				LD_RUNPATH_SEARCH_PATHS = (
					"$(inherited)",
					"@executable_path/Frameworks",
					"@loader_path/Frameworks",
				);
				PRODUCT_BUNDLE_IDENTIFIER = Codepath.tipUITests;
				PRODUCT_NAME = "$(TARGET_NAME)";
				SWIFT_VERSION = 5.0;
				TARGETED_DEVICE_FAMILY = "1,2";
				TEST_TARGET_NAME = tip;
			};
			name = Release;
		};
/* End XCBuildConfiguration section */

/* Begin XCConfigurationList section */
		938EC23F24D110AE007BF4EB /* Build configuration list for PBXProject "tip" */ = {
			isa = XCConfigurationList;
			buildConfigurations = (
				938EC26C24D110B1007BF4EB /* Debug */,
				938EC26D24D110B1007BF4EB /* Release */,
			);
			defaultConfigurationIsVisible = 0;
			defaultConfigurationName = Release;
		};
		938EC26E24D110B1007BF4EB /* Build configuration list for PBXNativeTarget "tip" */ = {
			isa = XCConfigurationList;
			buildConfigurations = (
				938EC26F24D110B1007BF4EB /* Debug */,
				938EC27024D110B1007BF4EB /* Release */,
			);
			defaultConfigurationIsVisible = 0;
			defaultConfigurationName = Release;
		};
		938EC27124D110B1007BF4EB /* Build configuration list for PBXNativeTarget "tipTests" */ = {
			isa = XCConfigurationList;
			buildConfigurations = (
				938EC27224D110B1007BF4EB /* Debug */,
				938EC27324D110B1007BF4EB /* Release */,
			);
			defaultConfigurationIsVisible = 0;
			defaultConfigurationName = Release;
		};
		938EC27424D110B1007BF4EB /* Build configuration list for PBXNativeTarget "tipUITests" */ = {
			isa = XCConfigurationList;
			buildConfigurations = (
				938EC27524D110B1007BF4EB /* Debug */,
				938EC27624D110B1007BF4EB /* Release */,
			);
			defaultConfigurationIsVisible = 0;
			defaultConfigurationName = Release;
		};
/* End XCConfigurationList section */
	};
	rootObject = 938EC23C24D110AE007BF4EB /* Project object */;
}
